// !$*UTF8*$!
{
	archiveVersion = 1;
	classes = {
	};
	objectVersion = 56;
	objects = {

/* Begin PBXBuildFile section */
		081F5E6A2C6D4A5D00EF5F4F /* AppDelegate.swift in Sources */ = {isa = PBXBuildFile; fileRef = 081F5E692C6D4A5D00EF5F4F /* AppDelegate.swift */; };
		081F5E6C2C6D4A5D00EF5F4F /* SceneDelegate.swift in Sources */ = {isa = PBXBuildFile; fileRef = 081F5E6B2C6D4A5D00EF5F4F /* SceneDelegate.swift */; };
		081F5E712C6D4A5D00EF5F4F /* Base in Resources */ = {isa = PBXBuildFile; fileRef = 081F5E702C6D4A5D00EF5F4F /* Base */; };
		081F5E732C6D4A5E00EF5F4F /* Assets.xcassets in Resources */ = {isa = PBXBuildFile; fileRef = 081F5E722C6D4A5E00EF5F4F /* Assets.xcassets */; };
		081F5E762C6D4A5E00EF5F4F /* Base in Resources */ = {isa = PBXBuildFile; fileRef = 081F5E752C6D4A5E00EF5F4F /* Base */; };
		081F5E7E2C6D5CCE00EF5F4F /* HomeNaviController.swift in Sources */ = {isa = PBXBuildFile; fileRef = 081F5E7D2C6D5CCE00EF5F4F /* HomeNaviController.swift */; };
		08FEEF382C6E480B005F813C /* StockTableViewController.swift in Sources */ = {isa = PBXBuildFile; fileRef = 08FEEF372C6E480B005F813C /* StockTableViewController.swift */; };
		08FEEF3B2C6E4C34005F813C /* Stock.swift in Sources */ = {isa = PBXBuildFile; fileRef = 08FEEF3A2C6E4C34005F813C /* Stock.swift */; };
		08FEEF3E2C6E4F28005F813C /* StockListCell.swift in Sources */ = {isa = PBXBuildFile; fileRef = 08FEEF3D2C6E4F28005F813C /* StockListCell.swift */; };
		08FEEF402C6E79D9005F813C /* StockDetailViewController.swift in Sources */ = {isa = PBXBuildFile; fileRef = 08FEEF3F2C6E79D9005F813C /* StockDetailViewController.swift */; };
/* End PBXBuildFile section */

/* Begin PBXFileReference section */
		081F5E662C6D4A5D00EF5F4F /* StockTicker.app */ = {isa = PBXFileReference; explicitFileType = wrapper.application; includeInIndex = 0; path = StockTicker.app; sourceTree = BUILT_PRODUCTS_DIR; };
		081F5E692C6D4A5D00EF5F4F /* AppDelegate.swift */ = {isa = PBXFileReference; lastKnownFileType = sourcecode.swift; path = AppDelegate.swift; sourceTree = "<group>"; };
		081F5E6B2C6D4A5D00EF5F4F /* SceneDelegate.swift */ = {isa = PBXFileReference; lastKnownFileType = sourcecode.swift; path = SceneDelegate.swift; sourceTree = "<group>"; };
		081F5E702C6D4A5D00EF5F4F /* Base */ = {isa = PBXFileReference; lastKnownFileType = file.storyboard; name = Base; path = Base.lproj/Main.storyboard; sourceTree = "<group>"; };
		081F5E722C6D4A5E00EF5F4F /* Assets.xcassets */ = {isa = PBXFileReference; lastKnownFileType = folder.assetcatalog; path = Assets.xcassets; sourceTree = "<group>"; };
		081F5E752C6D4A5E00EF5F4F /* Base */ = {isa = PBXFileReference; lastKnownFileType = file.storyboard; name = Base; path = Base.lproj/LaunchScreen.storyboard; sourceTree = "<group>"; };
		081F5E772C6D4A5E00EF5F4F /* Info.plist */ = {isa = PBXFileReference; lastKnownFileType = text.plist.xml; path = Info.plist; sourceTree = "<group>"; };
		081F5E7D2C6D5CCE00EF5F4F /* HomeNaviController.swift */ = {isa = PBXFileReference; lastKnownFileType = sourcecode.swift; path = HomeNaviController.swift; sourceTree = "<group>"; };
		08FEEF372C6E480B005F813C /* StockTableViewController.swift */ = {isa = PBXFileReference; lastKnownFileType = sourcecode.swift; path = StockTableViewController.swift; sourceTree = "<group>"; };
		08FEEF3A2C6E4C34005F813C /* Stock.swift */ = {isa = PBXFileReference; lastKnownFileType = sourcecode.swift; path = Stock.swift; sourceTree = "<group>"; };
		08FEEF3D2C6E4F28005F813C /* StockListCell.swift */ = {isa = PBXFileReference; lastKnownFileType = sourcecode.swift; path = StockListCell.swift; sourceTree = "<group>"; };
		08FEEF3F2C6E79D9005F813C /* StockDetailViewController.swift */ = {isa = PBXFileReference; lastKnownFileType = sourcecode.swift; path = StockDetailViewController.swift; sourceTree = "<group>"; };
/* End PBXFileReference section */

/* Begin PBXFrameworksBuildPhase section */
		081F5E632C6D4A5D00EF5F4F /* Frameworks */ = {
			isa = PBXFrameworksBuildPhase;
			buildActionMask = 2147483647;
			files = (
			);
			runOnlyForDeploymentPostprocessing = 0;
		};
/* End PBXFrameworksBuildPhase section */

/* Begin PBXGroup section */
		081F5E5D2C6D4A5D00EF5F4F = {
			isa = PBXGroup;
			children = (
				081F5E682C6D4A5D00EF5F4F /* StockTicker */,
				081F5E672C6D4A5D00EF5F4F /* Products */,
			);
			sourceTree = "<group>";
		};
		081F5E672C6D4A5D00EF5F4F /* Products */ = {
			isa = PBXGroup;
			children = (
				081F5E662C6D4A5D00EF5F4F /* StockTicker.app */,
			);
			name = Products;
			sourceTree = "<group>";
		};
		081F5E682C6D4A5D00EF5F4F /* StockTicker */ = {
			isa = PBXGroup;
			children = (
				08FEEF3C2C6E4EFB005F813C /* View */,
				08FEEF392C6E4BFE005F813C /* Model */,
				081F5E692C6D4A5D00EF5F4F /* AppDelegate.swift */,
				081F5E6B2C6D4A5D00EF5F4F /* SceneDelegate.swift */,
				081F5E7D2C6D5CCE00EF5F4F /* HomeNaviController.swift */,
				08FEEF372C6E480B005F813C /* StockTableViewController.swift */,
				08FEEF3F2C6E79D9005F813C /* StockDetailViewController.swift */,
				081F5E6F2C6D4A5D00EF5F4F /* Main.storyboard */,
				081F5E722C6D4A5E00EF5F4F /* Assets.xcassets */,
				081F5E742C6D4A5E00EF5F4F /* LaunchScreen.storyboard */,
				081F5E772C6D4A5E00EF5F4F /* Info.plist */,
			);
			path = StockTicker;
			sourceTree = "<group>";
		};
		08FEEF392C6E4BFE005F813C /* Model */ = {
			isa = PBXGroup;
			children = (
				08FEEF3A2C6E4C34005F813C /* Stock.swift */,
			);
			path = Model;
			sourceTree = "<group>";
		};
		08FEEF3C2C6E4EFB005F813C /* View */ = {
			isa = PBXGroup;
			children = (
				08FEEF3D2C6E4F28005F813C /* StockListCell.swift */,
			);
			path = View;
			sourceTree = "<group>";
		};
/* End PBXGroup section */

/* Begin PBXNativeTarget section */
		081F5E652C6D4A5D00EF5F4F /* StockTicker */ = {
			isa = PBXNativeTarget;
			buildConfigurationList = 081F5E7A2C6D4A5E00EF5F4F /* Build configuration list for PBXNativeTarget "StockTicker" */;
			buildPhases = (
				081F5E622C6D4A5D00EF5F4F /* Sources */,
				081F5E632C6D4A5D00EF5F4F /* Frameworks */,
				081F5E642C6D4A5D00EF5F4F /* Resources */,
			);
			buildRules = (
			);
			dependencies = (
			);
			name = StockTicker;
			productName = StockTicker;
			productReference = 081F5E662C6D4A5D00EF5F4F /* StockTicker.app */;
			productType = "com.apple.product-type.application";
		};
/* End PBXNativeTarget section */

/* Begin PBXProject section */
		081F5E5E2C6D4A5D00EF5F4F /* Project object */ = {
			isa = PBXProject;
			attributes = {
				BuildIndependentTargetsInParallel = 1;
				LastSwiftUpdateCheck = 1540;
				LastUpgradeCheck = 1540;
				TargetAttributes = {
					081F5E652C6D4A5D00EF5F4F = {
						CreatedOnToolsVersion = 15.4;
					};
				};
			};
			buildConfigurationList = 081F5E612C6D4A5D00EF5F4F /* Build configuration list for PBXProject "StockTicker" */;
			compatibilityVersion = "Xcode 14.0";
			developmentRegion = en;
			hasScannedForEncodings = 0;
			knownRegions = (
				en,
				Base,
			);
			mainGroup = 081F5E5D2C6D4A5D00EF5F4F;
			productRefGroup = 081F5E672C6D4A5D00EF5F4F /* Products */;
			projectDirPath = "";
			projectRoot = "";
			targets = (
				081F5E652C6D4A5D00EF5F4F /* StockTicker */,
			);
		};
/* End PBXProject section */

/* Begin PBXResourcesBuildPhase section */
		081F5E642C6D4A5D00EF5F4F /* Resources */ = {
			isa = PBXResourcesBuildPhase;
			buildActionMask = 2147483647;
			files = (
				081F5E732C6D4A5E00EF5F4F /* Assets.xcassets in Resources */,
				081F5E762C6D4A5E00EF5F4F /* Base in Resources */,
				081F5E712C6D4A5D00EF5F4F /* Base in Resources */,
			);
			runOnlyForDeploymentPostprocessing = 0;
		};
/* End PBXResourcesBuildPhase section */

/* Begin PBXSourcesBuildPhase section */
		081F5E622C6D4A5D00EF5F4F /* Sources */ = {
			isa = PBXSourcesBuildPhase;
			buildActionMask = 2147483647;
			files = (
				08FEEF402C6E79D9005F813C /* StockDetailViewController.swift in Sources */,
				08FEEF3E2C6E4F28005F813C /* StockListCell.swift in Sources */,
				081F5E6A2C6D4A5D00EF5F4F /* AppDelegate.swift in Sources */,
				08FEEF3B2C6E4C34005F813C /* Stock.swift in Sources */,
				081F5E7E2C6D5CCE00EF5F4F /* HomeNaviController.swift in Sources */,
				08FEEF382C6E480B005F813C /* StockTableViewController.swift in Sources */,
				081F5E6C2C6D4A5D00EF5F4F /* SceneDelegate.swift in Sources */,
			);
			runOnlyForDeploymentPostprocessing = 0;
		};
/* End PBXSourcesBuildPhase section */

/* Begin PBXVariantGroup section */
		081F5E6F2C6D4A5D00EF5F4F /* Main.storyboard */ = {
			isa = PBXVariantGroup;
			children = (
				081F5E702C6D4A5D00EF5F4F /* Base */,
			);
			name = Main.storyboard;
			sourceTree = "<group>";
		};
		081F5E742C6D4A5E00EF5F4F /* LaunchScreen.storyboard */ = {
			isa = PBXVariantGroup;
			children = (
				081F5E752C6D4A5E00EF5F4F /* Base */,
			);
			name = LaunchScreen.storyboard;
			sourceTree = "<group>";
		};
/* End PBXVariantGroup section */

/* Begin XCBuildConfiguration section */
		081F5E782C6D4A5E00EF5F4F /* Debug */ = {
			isa = XCBuildConfiguration;
			buildSettings = {
				ALWAYS_SEARCH_USER_PATHS = NO;
				ASSETCATALOG_COMPILER_GENERATE_SWIFT_ASSET_SYMBOL_EXTENSIONS = YES;
				CLANG_ANALYZER_NONNULL = YES;
				CLANG_ANALYZER_NUMBER_OBJECT_CONVERSION = YES_AGGRESSIVE;
				CLANG_CXX_LANGUAGE_STANDARD = "gnu++20";
				CLANG_ENABLE_MODULES = YES;
				CLANG_ENABLE_OBJC_ARC = YES;
				CLANG_ENABLE_OBJC_WEAK = YES;
				CLANG_WARN_BLOCK_CAPTURE_AUTORELEASING = YES;
				CLANG_WARN_BOOL_CONVERSION = YES;
				CLANG_WARN_COMMA = YES;
				CLANG_WARN_CONSTANT_CONVERSION = YES;
				CLANG_WARN_DEPRECATED_OBJC_IMPLEMENTATIONS = YES;
				CLANG_WARN_DIRECT_OBJC_ISA_USAGE = YES_ERROR;
				CLANG_WARN_DOCUMENTATION_COMMENTS = YES;
				CLANG_WARN_EMPTY_BODY = YES;
				CLANG_WARN_ENUM_CONVERSION = YES;
				CLANG_WARN_INFINITE_RECURSION = YES;
				CLANG_WARN_INT_CONVERSION = YES;
				CLANG_WARN_NON_LITERAL_NULL_CONVERSION = YES;
				CLANG_WARN_OBJC_IMPLICIT_RETAIN_SELF = YES;
				CLANG_WARN_OBJC_LITERAL_CONVERSION = YES;
				CLANG_WARN_OBJC_ROOT_CLASS = YES_ERROR;
				CLANG_WARN_QUOTED_INCLUDE_IN_FRAMEWORK_HEADER = YES;
				CLANG_WARN_RANGE_LOOP_ANALYSIS = YES;
				CLANG_WARN_STRICT_PROTOTYPES = YES;
				CLANG_WARN_SUSPICIOUS_MOVE = YES;
				CLANG_WARN_UNGUARDED_AVAILABILITY = YES_AGGRESSIVE;
				CLANG_WARN_UNREACHABLE_CODE = YES;
				CLANG_WARN__DUPLICATE_METHOD_MATCH = YES;
				COPY_PHASE_STRIP = NO;
				DEBUG_INFORMATION_FORMAT = dwarf;
				ENABLE_STRICT_OBJC_MSGSEND = YES;
				ENABLE_TESTABILITY = YES;
				ENABLE_USER_SCRIPT_SANDBOXING = YES;
				GCC_C_LANGUAGE_STANDARD = gnu17;
				GCC_DYNAMIC_NO_PIC = NO;
				GCC_NO_COMMON_BLOCKS = YES;
				GCC_OPTIMIZATION_LEVEL = 0;
				GCC_PREPROCESSOR_DEFINITIONS = (
					"DEBUG=1",
					"$(inherited)",
				);
				GCC_WARN_64_TO_32_BIT_CONVERSION = YES;
				GCC_WARN_ABOUT_RETURN_TYPE = YES_ERROR;
				GCC_WARN_UNDECLARED_SELECTOR = YES;
				GCC_WARN_UNINITIALIZED_AUTOS = YES_AGGRESSIVE;
				GCC_WARN_UNUSED_FUNCTION = YES;
				GCC_WARN_UNUSED_VARIABLE = YES;
				IPHONEOS_DEPLOYMENT_TARGET = 17.5;
				LOCALIZATION_PREFERS_STRING_CATALOGS = YES;
				MTL_ENABLE_DEBUG_INFO = INCLUDE_SOURCE;
				MTL_FAST_MATH = YES;
				ONLY_ACTIVE_ARCH = YES;
				SDKROOT = iphoneos;
				SWIFT_ACTIVE_COMPILATION_CONDITIONS = "DEBUG $(inherited)";
				SWIFT_OPTIMIZATION_LEVEL = "-Onone";
			};
			name = Debug;
		};
		081F5E792C6D4A5E00EF5F4F /* Release */ = {
			isa = XCBuildConfiguration;
			buildSettings = {
				ALWAYS_SEARCH_USER_PATHS = NO;
				ASSETCATALOG_COMPILER_GENERATE_SWIFT_ASSET_SYMBOL_EXTENSIONS = YES;
				CLANG_ANALYZER_NONNULL = YES;
				CLANG_ANALYZER_NUMBER_OBJECT_CONVERSION = YES_AGGRESSIVE;
				CLANG_CXX_LANGUAGE_STANDARD = "gnu++20";
				CLANG_ENABLE_MODULES = YES;
				CLANG_ENABLE_OBJC_ARC = YES;
				CLANG_ENABLE_OBJC_WEAK = YES;
				CLANG_WARN_BLOCK_CAPTURE_AUTORELEASING = YES;
				CLANG_WARN_BOOL_CONVERSION = YES;
				CLANG_WARN_COMMA = YES;
				CLANG_WARN_CONSTANT_CONVERSION = YES;
				CLANG_WARN_DEPRECATED_OBJC_IMPLEMENTATIONS = YES;
				CLANG_WARN_DIRECT_OBJC_ISA_USAGE = YES_ERROR;
				CLANG_WARN_DOCUMENTATION_COMMENTS = YES;
				CLANG_WARN_EMPTY_BODY = YES;
				CLANG_WARN_ENUM_CONVERSION = YES;
				CLANG_WARN_INFINITE_RECURSION = YES;
				CLANG_WARN_INT_CONVERSION = YES;
				CLANG_WARN_NON_LITERAL_NULL_CONVERSION = YES;
				CLANG_WARN_OBJC_IMPLICIT_RETAIN_SELF = YES;
				CLANG_WARN_OBJC_LITERAL_CONVERSION = YES;
				CLANG_WARN_OBJC_ROOT_CLASS = YES_ERROR;
				CLANG_WARN_QUOTED_INCLUDE_IN_FRAMEWORK_HEADER = YES;
				CLANG_WARN_RANGE_LOOP_ANALYSIS = YES;
				CLANG_WARN_STRICT_PROTOTYPES = YES;
				CLANG_WARN_SUSPICIOUS_MOVE = YES;
				CLANG_WARN_UNGUARDED_AVAILABILITY = YES_AGGRESSIVE;
				CLANG_WARN_UNREACHABLE_CODE = YES;
				CLANG_WARN__DUPLICATE_METHOD_MATCH = YES;
				COPY_PHASE_STRIP = NO;
				DEBUG_INFORMATION_FORMAT = "dwarf-with-dsym";
				ENABLE_NS_ASSERTIONS = NO;
				ENABLE_STRICT_OBJC_MSGSEND = YES;
				ENABLE_USER_SCRIPT_SANDBOXING = YES;
				GCC_C_LANGUAGE_STANDARD = gnu17;
				GCC_NO_COMMON_BLOCKS = YES;
				GCC_WARN_64_TO_32_BIT_CONVERSION = YES;
				GCC_WARN_ABOUT_RETURN_TYPE = YES_ERROR;
				GCC_WARN_UNDECLARED_SELECTOR = YES;
				GCC_WARN_UNINITIALIZED_AUTOS = YES_AGGRESSIVE;
				GCC_WARN_UNUSED_FUNCTION = YES;
				GCC_WARN_UNUSED_VARIABLE = YES;
				IPHONEOS_DEPLOYMENT_TARGET = 17.5;
				LOCALIZATION_PREFERS_STRING_CATALOGS = YES;
				MTL_ENABLE_DEBUG_INFO = NO;
				MTL_FAST_MATH = YES;
				SDKROOT = iphoneos;
				SWIFT_COMPILATION_MODE = wholemodule;
				VALIDATE_PRODUCT = YES;
			};
			name = Release;
		};
		081F5E7B2C6D4A5E00EF5F4F /* Debug */ = {
			isa = XCBuildConfiguration;
			buildSettings = {
				ASSETCATALOG_COMPILER_APPICON_NAME = AppIcon;
				ASSETCATALOG_COMPILER_GLOBAL_ACCENT_COLOR_NAME = AccentColor;
				CODE_SIGN_STYLE = Automatic;
				CURRENT_PROJECT_VERSION = 1;
				DEVELOPMENT_TEAM = "";
				GENERATE_INFOPLIST_FILE = YES;
				INFOPLIST_FILE = StockTicker/Info.plist;
				INFOPLIST_KEY_UIApplicationSupportsIndirectInputEvents = YES;
				INFOPLIST_KEY_UILaunchStoryboardName = LaunchScreen;
				INFOPLIST_KEY_UIMainStoryboardFile = Main;
				INFOPLIST_KEY_UISupportedInterfaceOrientations_iPad = "UIInterfaceOrientationPortrait UIInterfaceOrientationPortraitUpsideDown UIInterfaceOrientationLandscapeLeft UIInterfaceOrientationLandscapeRight";
				INFOPLIST_KEY_UISupportedInterfaceOrientations_iPhone = "UIInterfaceOrientationPortrait UIInterfaceOrientationLandscapeLeft UIInterfaceOrientationLandscapeRight";
				IPHONEOS_DEPLOYMENT_TARGET = 15.0;
				LD_RUNPATH_SEARCH_PATHS = (
					"$(inherited)",
					"@executable_path/Frameworks",
				);
				MARKETING_VERSION = 1.0;
				PRODUCT_BUNDLE_IDENTIFIER = com.fgfx.StockTicker;
				PRODUCT_NAME = "$(TARGET_NAME)";
				SWIFT_EMIT_LOC_STRINGS = YES;
				SWIFT_VERSION = 5.0;
				TARGETED_DEVICE_FAMILY = "1,2";
			};
			name = Debug;
		};
		081F5E7C2C6D4A5E00EF5F4F /* Release */ = {
			isa = XCBuildConfiguration;
			buildSettings = {
				ASSETCATALOG_COMPILER_APPICON_NAME = AppIcon;
				ASSETCATALOG_COMPILER_GLOBAL_ACCENT_COLOR_NAME = AccentColor;
				CODE_SIGN_STYLE = Automatic;
				CURRENT_PROJECT_VERSION = 1;
				DEVELOPMENT_TEAM = "";
				GENERATE_INFOPLIST_FILE = YES;
				INFOPLIST_FILE = StockTicker/Info.plist;
				INFOPLIST_KEY_UIApplicationSupportsIndirectInputEvents = YES;
				INFOPLIST_KEY_UILaunchStoryboardName = LaunchScreen;
				INFOPLIST_KEY_UIMainStoryboardFile = Main;
				INFOPLIST_KEY_UISupportedInterfaceOrientations_iPad = "UIInterfaceOrientationPortrait UIInterfaceOrientationPortraitUpsideDown UIInterfaceOrientationLandscapeLeft UIInterfaceOrientationLandscapeRight";
				INFOPLIST_KEY_UISupportedInterfaceOrientations_iPhone = "UIInterfaceOrientationPortrait UIInterfaceOrientationLandscapeLeft UIInterfaceOrientationLandscapeRight";
				IPHONEOS_DEPLOYMENT_TARGET = 15.0;
				LD_RUNPATH_SEARCH_PATHS = (
					"$(inherited)",
					"@executable_path/Frameworks",
				);
				MARKETING_VERSION = 1.0;
				PRODUCT_BUNDLE_IDENTIFIER = com.fgfx.StockTicker;
				PRODUCT_NAME = "$(TARGET_NAME)";
				SWIFT_EMIT_LOC_STRINGS = YES;
				SWIFT_VERSION = 5.0;
				TARGETED_DEVICE_FAMILY = "1,2";
			};
			name = Release;
		};
/* End XCBuildConfiguration section */

/* Begin XCConfigurationList section */
		081F5E612C6D4A5D00EF5F4F /* Build configuration list for PBXProject "StockTicker" */ = {
			isa = XCConfigurationList;
			buildConfigurations = (
				081F5E782C6D4A5E00EF5F4F /* Debug */,
				081F5E792C6D4A5E00EF5F4F /* Release */,
			);
			defaultConfigurationIsVisible = 0;
			defaultConfigurationName = Release;
		};
		081F5E7A2C6D4A5E00EF5F4F /* Build configuration list for PBXNativeTarget "StockTicker" */ = {
			isa = XCConfigurationList;
			buildConfigurations = (
				081F5E7B2C6D4A5E00EF5F4F /* Debug */,
				081F5E7C2C6D4A5E00EF5F4F /* Release */,
			);
			defaultConfigurationIsVisible = 0;
			defaultConfigurationName = Release;
		};
/* End XCConfigurationList section */
	};
	rootObject = 081F5E5E2C6D4A5D00EF5F4F /* Project object */;
}
